
Microsoft Visual Studio Solution File, Format Version 12.00
# Visual Studio Version 17
VisualStudioVersion = 17.4.33213.308
MinimumVisualStudioVersion = 10.0.40219.1
Project("{FAE04EC0-301F-11D3-BF4B-00C04F79EFBC}") = "SuperStoreV", "SuperStoreV\SuperStoreV.csproj", "{72B1C2E1-6528-4842-A265-A3B64663614A}"
EndProject
Global
	GlobalSection(SolutionConfigurationPlatforms) = preSolution
		Debug|Any CPU = Debug|Any CPU
		Release|Any CPU = Release|Any CPU
	EndGlobalSection
	GlobalSection(ProjectConfigurationPlatforms) = postSolution
		{72B1C2E1-6528-4842-A265-A3B64663614A}.Debug|Any CPU.ActiveCfg = Debug|Any CPU
		{72B1C2E1-6528-4842-A265-A3B64663614A}.Debug|Any CPU.Build.0 = Debug|Any CPU
		{72B1C2E1-6528-4842-A265-A3B64663614A}.Release|Any CPU.ActiveCfg = Release|Any CPU
		{72B1C2E1-6528-4842-A265-A3B64663614A}.Release|Any CPU.Build.0 = Release|Any CPU
	EndGlobalSection
	GlobalSection(SolutionProperties) = preSolution
		HideSolutionNode = FALSE
	EndGlobalSection
	GlobalSection(ExtensibilityGlobals) = postSolution
		SolutionGuid = {922557EF-F064-486E-8A28-2DDAEB5C813B}
	EndGlobalSection
EndGlobal
